// !$*UTF8*$!
{
	archiveVersion = 1;
	classes = {
	};
	objectVersion = 56;
	objects = {

/* Begin PBXBuildFile section */
		C31711B82B98ECA300F82D24 /* MusicByLocationApp.swift in Sources */ = {isa = PBXBuildFile; fileRef = C31711B72B98ECA300F82D24 /* MusicByLocationApp.swift */; };
		C31711BA2B98ECA300F82D24 /* ContentView.swift in Sources */ = {isa = PBXBuildFile; fileRef = C31711B92B98ECA300F82D24 /* ContentView.swift */; };
		C31711BC2B98ECA700F82D24 /* Assets.xcassets in Resources */ = {isa = PBXBuildFile; fileRef = C31711BB2B98ECA700F82D24 /* Assets.xcassets */; };
		C31711BF2B98ECA700F82D24 /* Preview Assets.xcassets in Resources */ = {isa = PBXBuildFile; fileRef = C31711BE2B98ECA700F82D24 /* Preview Assets.xcassets */; };
		C31711C92B98ECA700F82D24 /* MusicByLocationTests.swift in Sources */ = {isa = PBXBuildFile; fileRef = C31711C82B98ECA700F82D24 /* MusicByLocationTests.swift */; };
		C31711D32B98ECA700F82D24 /* MusicByLocationUITests.swift in Sources */ = {isa = PBXBuildFile; fileRef = C31711D22B98ECA700F82D24 /* MusicByLocationUITests.swift */; };
		C31711D52B98ECA700F82D24 /* MusicByLocationUITestsLaunchTests.swift in Sources */ = {isa = PBXBuildFile; fileRef = C31711D42B98ECA700F82D24 /* MusicByLocationUITestsLaunchTests.swift */; };
		C31711E22B98ED7E00F82D24 /* LocationHandler.swift in Sources */ = {isa = PBXBuildFile; fileRef = C31711E12B98ED7E00F82D24 /* LocationHandler.swift */; };
		C33D6D062BA4927700E7D4AD /* StateController.swift in Sources */ = {isa = PBXBuildFile; fileRef = C33D6D052BA4927700E7D4AD /* StateController.swift */; };
		C33D6D092BA4970C00E7D4AD /* CLPlacemark.swift in Sources */ = {isa = PBXBuildFile; fileRef = C33D6D082BA4970C00E7D4AD /* CLPlacemark.swift */; };
		C33D6D0C2BA499D700E7D4AD /* ArtistResponse.swift in Sources */ = {isa = PBXBuildFile; fileRef = C33D6D0B2BA499D700E7D4AD /* ArtistResponse.swift */; };
		C33D6D0E2BA49A0100E7D4AD /* Artist.swift in Sources */ = {isa = PBXBuildFile; fileRef = C33D6D0D2BA49A0100E7D4AD /* Artist.swift */; };
/* End PBXBuildFile section */

/* Begin PBXContainerItemProxy section */
		C31711C52B98ECA700F82D24 /* PBXContainerItemProxy */ = {
			isa = PBXContainerItemProxy;
			containerPortal = C31711AC2B98ECA300F82D24 /* Project object */;
			proxyType = 1;
			remoteGlobalIDString = C31711B32B98ECA300F82D24;
			remoteInfo = MusicByLocation;
		};
		C31711CF2B98ECA700F82D24 /* PBXContainerItemProxy */ = {
			isa = PBXContainerItemProxy;
			containerPortal = C31711AC2B98ECA300F82D24 /* Project object */;
			proxyType = 1;
			remoteGlobalIDString = C31711B32B98ECA300F82D24;
			remoteInfo = MusicByLocation;
		};
/* End PBXContainerItemProxy section */

/* Begin PBXFileReference section */
		C31711B42B98ECA300F82D24 /* MusicByLocation.app */ = {isa = PBXFileReference; explicitFileType = wrapper.application; includeInIndex = 0; path = MusicByLocation.app; sourceTree = BUILT_PRODUCTS_DIR; };
		C31711B72B98ECA300F82D24 /* MusicByLocationApp.swift */ = {isa = PBXFileReference; lastKnownFileType = sourcecode.swift; path = MusicByLocationApp.swift; sourceTree = "<group>"; };
		C31711B92B98ECA300F82D24 /* ContentView.swift */ = {isa = PBXFileReference; lastKnownFileType = sourcecode.swift; path = ContentView.swift; sourceTree = "<group>"; };
		C31711BB2B98ECA700F82D24 /* Assets.xcassets */ = {isa = PBXFileReference; lastKnownFileType = folder.assetcatalog; path = Assets.xcassets; sourceTree = "<group>"; };
		C31711BE2B98ECA700F82D24 /* Preview Assets.xcassets */ = {isa = PBXFileReference; lastKnownFileType = folder.assetcatalog; path = "Preview Assets.xcassets"; sourceTree = "<group>"; };
		C31711C42B98ECA700F82D24 /* MusicByLocationTests.xctest */ = {isa = PBXFileReference; explicitFileType = wrapper.cfbundle; includeInIndex = 0; path = MusicByLocationTests.xctest; sourceTree = BUILT_PRODUCTS_DIR; };
		C31711C82B98ECA700F82D24 /* MusicByLocationTests.swift */ = {isa = PBXFileReference; lastKnownFileType = sourcecode.swift; path = MusicByLocationTests.swift; sourceTree = "<group>"; };
		C31711CE2B98ECA700F82D24 /* MusicByLocationUITests.xctest */ = {isa = PBXFileReference; explicitFileType = wrapper.cfbundle; includeInIndex = 0; path = MusicByLocationUITests.xctest; sourceTree = BUILT_PRODUCTS_DIR; };
		C31711D22B98ECA700F82D24 /* MusicByLocationUITests.swift */ = {isa = PBXFileReference; lastKnownFileType = sourcecode.swift; path = MusicByLocationUITests.swift; sourceTree = "<group>"; };
		C31711D42B98ECA700F82D24 /* MusicByLocationUITestsLaunchTests.swift */ = {isa = PBXFileReference; lastKnownFileType = sourcecode.swift; path = MusicByLocationUITestsLaunchTests.swift; sourceTree = "<group>"; };
		C31711E12B98ED7E00F82D24 /* LocationHandler.swift */ = {isa = PBXFileReference; lastKnownFileType = sourcecode.swift; path = LocationHandler.swift; sourceTree = "<group>"; };
		C33D6D052BA4927700E7D4AD /* StateController.swift */ = {isa = PBXFileReference; lastKnownFileType = sourcecode.swift; path = StateController.swift; sourceTree = "<group>"; };
		C33D6D082BA4970C00E7D4AD /* CLPlacemark.swift */ = {isa = PBXFileReference; lastKnownFileType = sourcecode.swift; path = CLPlacemark.swift; sourceTree = "<group>"; };
		C33D6D0B2BA499D700E7D4AD /* ArtistResponse.swift */ = {isa = PBXFileReference; lastKnownFileType = sourcecode.swift; path = ArtistResponse.swift; sourceTree = "<group>"; };
		C33D6D0D2BA49A0100E7D4AD /* Artist.swift */ = {isa = PBXFileReference; lastKnownFileType = sourcecode.swift; path = Artist.swift; sourceTree = "<group>"; };
/* End PBXFileReference section */

/* Begin PBXFrameworksBuildPhase section */
		C31711B12B98ECA300F82D24 /* Frameworks */ = {
			isa = PBXFrameworksBuildPhase;
			buildActionMask = 2147483647;
			files = (
			);
			runOnlyForDeploymentPostprocessing = 0;
		};
		C31711C12B98ECA700F82D24 /* Frameworks */ = {
			isa = PBXFrameworksBuildPhase;
			buildActionMask = 2147483647;
			files = (
			);
			runOnlyForDeploymentPostprocessing = 0;
		};
		C31711CB2B98ECA700F82D24 /* Frameworks */ = {
			isa = PBXFrameworksBuildPhase;
			buildActionMask = 2147483647;
			files = (
			);
			runOnlyForDeploymentPostprocessing = 0;
		};
/* End PBXFrameworksBuildPhase section */

/* Begin PBXGroup section */
		C31711AB2B98ECA300F82D24 = {
			isa = PBXGroup;
			children = (
				C31711B62B98ECA300F82D24 /* MusicByLocation */,
				C31711C72B98ECA700F82D24 /* MusicByLocationTests */,
				C31711D12B98ECA700F82D24 /* MusicByLocationUITests */,
				C31711B52B98ECA300F82D24 /* Products */,
			);
			sourceTree = "<group>";
		};
		C31711B52B98ECA300F82D24 /* Products */ = {
			isa = PBXGroup;
			children = (
				C31711B42B98ECA300F82D24 /* MusicByLocation.app */,
				C31711C42B98ECA700F82D24 /* MusicByLocationTests.xctest */,
				C31711CE2B98ECA700F82D24 /* MusicByLocationUITests.xctest */,
			);
			name = Products;
			sourceTree = "<group>";
		};
		C31711B62B98ECA300F82D24 /* MusicByLocation */ = {
			isa = PBXGroup;
			children = (
				C33D6D0A2BA499C800E7D4AD /* Model */,
				C33D6D072BA4970200E7D4AD /* Extensions */,
				C31711B72B98ECA300F82D24 /* MusicByLocationApp.swift */,
				C31711B92B98ECA300F82D24 /* ContentView.swift */,
				C31711BB2B98ECA700F82D24 /* Assets.xcassets */,
				C31711BD2B98ECA700F82D24 /* Preview Content */,
				C31711E12B98ED7E00F82D24 /* LocationHandler.swift */,
				C33D6D052BA4927700E7D4AD /* StateController.swift */,
			);
			path = MusicByLocation;
			sourceTree = "<group>";
		};
		C31711BD2B98ECA700F82D24 /* Preview Content */ = {
			isa = PBXGroup;
			children = (
				C31711BE2B98ECA700F82D24 /* Preview Assets.xcassets */,
			);
			path = "Preview Content";
			sourceTree = "<group>";
		};
		C31711C72B98ECA700F82D24 /* MusicByLocationTests */ = {
			isa = PBXGroup;
			children = (
				C31711C82B98ECA700F82D24 /* MusicByLocationTests.swift */,
			);
			path = MusicByLocationTests;
			sourceTree = "<group>";
		};
		C31711D12B98ECA700F82D24 /* MusicByLocationUITests */ = {
			isa = PBXGroup;
			children = (
				C31711D22B98ECA700F82D24 /* MusicByLocationUITests.swift */,
				C31711D42B98ECA700F82D24 /* MusicByLocationUITestsLaunchTests.swift */,
			);
			path = MusicByLocationUITests;
			sourceTree = "<group>";
		};
		C33D6D072BA4970200E7D4AD /* Extensions */ = {
			isa = PBXGroup;
			children = (
				C33D6D082BA4970C00E7D4AD /* CLPlacemark.swift */,
			);
			path = Extensions;
			sourceTree = "<group>";
		};
		C33D6D0A2BA499C800E7D4AD /* Model */ = {
			isa = PBXGroup;
			children = (
				C33D6D0B2BA499D700E7D4AD /* ArtistResponse.swift */,
				C33D6D0D2BA49A0100E7D4AD /* Artist.swift */,
			);
			path = Model;
			sourceTree = "<group>";
		};
/* End PBXGroup section */

/* Begin PBXNativeTarget section */
		C31711B32B98ECA300F82D24 /* MusicByLocation */ = {
			isa = PBXNativeTarget;
			buildConfigurationList = C31711D82B98ECA700F82D24 /* Build configuration list for PBXNativeTarget "MusicByLocation" */;
			buildPhases = (
				C31711B02B98ECA300F82D24 /* Sources */,
				C31711B12B98ECA300F82D24 /* Frameworks */,
				C31711B22B98ECA300F82D24 /* Resources */,
			);
			buildRules = (
			);
			dependencies = (
			);
			name = MusicByLocation;
			productName = MusicByLocation;
			productReference = C31711B42B98ECA300F82D24 /* MusicByLocation.app */;
			productType = "com.apple.product-type.application";
		};
		C31711C32B98ECA700F82D24 /* MusicByLocationTests */ = {
			isa = PBXNativeTarget;
			buildConfigurationList = C31711DB2B98ECA700F82D24 /* Build configuration list for PBXNativeTarget "MusicByLocationTests" */;
			buildPhases = (
				C31711C02B98ECA700F82D24 /* Sources */,
				C31711C12B98ECA700F82D24 /* Frameworks */,
				C31711C22B98ECA700F82D24 /* Resources */,
			);
			buildRules = (
			);
			dependencies = (
				C31711C62B98ECA700F82D24 /* PBXTargetDependency */,
			);
			name = MusicByLocationTests;
			productName = MusicByLocationTests;
			productReference = C31711C42B98ECA700F82D24 /* MusicByLocationTests.xctest */;
			productType = "com.apple.product-type.bundle.unit-test";
		};
		C31711CD2B98ECA700F82D24 /* MusicByLocationUITests */ = {
			isa = PBXNativeTarget;
			buildConfigurationList = C31711DE2B98ECA700F82D24 /* Build configuration list for PBXNativeTarget "MusicByLocationUITests" */;
			buildPhases = (
				C31711CA2B98ECA700F82D24 /* Sources */,
				C31711CB2B98ECA700F82D24 /* Frameworks */,
				C31711CC2B98ECA700F82D24 /* Resources */,
			);
			buildRules = (
			);
			dependencies = (
				C31711D02B98ECA700F82D24 /* PBXTargetDependency */,
			);
			name = MusicByLocationUITests;
			productName = MusicByLocationUITests;
			productReference = C31711CE2B98ECA700F82D24 /* MusicByLocationUITests.xctest */;
			productType = "com.apple.product-type.bundle.ui-testing";
		};
/* End PBXNativeTarget section */

/* Begin PBXProject section */
		C31711AC2B98ECA300F82D24 /* Project object */ = {
			isa = PBXProject;
			attributes = {
				BuildIndependentTargetsInParallel = 1;
				LastSwiftUpdateCheck = 1520;
				LastUpgradeCheck = 1520;
				TargetAttributes = {
					C31711B32B98ECA300F82D24 = {
						CreatedOnToolsVersion = 15.2;
					};
					C31711C32B98ECA700F82D24 = {
						CreatedOnToolsVersion = 15.2;
						TestTargetID = C31711B32B98ECA300F82D24;
					};
					C31711CD2B98ECA700F82D24 = {
						CreatedOnToolsVersion = 15.2;
						TestTargetID = C31711B32B98ECA300F82D24;
					};
				};
			};
			buildConfigurationList = C31711AF2B98ECA300F82D24 /* Build configuration list for PBXProject "MusicByLocation" */;
			compatibilityVersion = "Xcode 14.0";
			developmentRegion = en;
			hasScannedForEncodings = 0;
			knownRegions = (
				en,
				Base,
			);
			mainGroup = C31711AB2B98ECA300F82D24;
			productRefGroup = C31711B52B98ECA300F82D24 /* Products */;
			projectDirPath = "";
			projectRoot = "";
			targets = (
				C31711B32B98ECA300F82D24 /* MusicByLocation */,
				C31711C32B98ECA700F82D24 /* MusicByLocationTests */,
				C31711CD2B98ECA700F82D24 /* MusicByLocationUITests */,
			);
		};
/* End PBXProject section */

/* Begin PBXResourcesBuildPhase section */
		C31711B22B98ECA300F82D24 /* Resources */ = {
			isa = PBXResourcesBuildPhase;
			buildActionMask = 2147483647;
			files = (
				C31711BF2B98ECA700F82D24 /* Preview Assets.xcassets in Resources */,
				C31711BC2B98ECA700F82D24 /* Assets.xcassets in Resources */,
			);
			runOnlyForDeploymentPostprocessing = 0;
		};
		C31711C22B98ECA700F82D24 /* Resources */ = {
			isa = PBXResourcesBuildPhase;
			buildActionMask = 2147483647;
			files = (
			);
			runOnlyForDeploymentPostprocessing = 0;
		};
		C31711CC2B98ECA700F82D24 /* Resources */ = {
			isa = PBXResourcesBuildPhase;
			buildActionMask = 2147483647;
			files = (
			);
			runOnlyForDeploymentPostprocessing = 0;
		};
/* End PBXResourcesBuildPhase section */

/* Begin PBXSourcesBuildPhase section */
		C31711B02B98ECA300F82D24 /* Sources */ = {
			isa = PBXSourcesBuildPhase;
			buildActionMask = 2147483647;
			files = (
				C31711E22B98ED7E00F82D24 /* LocationHandler.swift in Sources */,
				C33D6D062BA4927700E7D4AD /* StateController.swift in Sources */,
				C31711BA2B98ECA300F82D24 /* ContentView.swift in Sources */,
				C31711B82B98ECA300F82D24 /* MusicByLocationApp.swift in Sources */,
				C33D6D092BA4970C00E7D4AD /* CLPlacemark.swift in Sources */,
				C33D6D0C2BA499D700E7D4AD /* ArtistResponse.swift in Sources */,
				C33D6D0E2BA49A0100E7D4AD /* Artist.swift in Sources */,
			);
			runOnlyForDeploymentPostprocessing = 0;
		};
		C31711C02B98ECA700F82D24 /* Sources */ = {
			isa = PBXSourcesBuildPhase;
			buildActionMask = 2147483647;
			files = (
				C31711C92B98ECA700F82D24 /* MusicByLocationTests.swift in Sources */,
			);
			runOnlyForDeploymentPostprocessing = 0;
		};
		C31711CA2B98ECA700F82D24 /* Sources */ = {
			isa = PBXSourcesBuildPhase;
			buildActionMask = 2147483647;
			files = (
				C31711D52B98ECA700F82D24 /* MusicByLocationUITestsLaunchTests.swift in Sources */,
				C31711D32B98ECA700F82D24 /* MusicByLocationUITests.swift in Sources */,
			);
			runOnlyForDeploymentPostprocessing = 0;
		};
/* End PBXSourcesBuildPhase section */

/* Begin PBXTargetDependency section */
		C31711C62B98ECA700F82D24 /* PBXTargetDependency */ = {
			isa = PBXTargetDependency;
			target = C31711B32B98ECA300F82D24 /* MusicByLocation */;
			targetProxy = C31711C52B98ECA700F82D24 /* PBXContainerItemProxy */;
		};
		C31711D02B98ECA700F82D24 /* PBXTargetDependency */ = {
			isa = PBXTargetDependency;
			target = C31711B32B98ECA300F82D24 /* MusicByLocation */;
			targetProxy = C31711CF2B98ECA700F82D24 /* PBXContainerItemProxy */;
		};
/* End PBXTargetDependency section */

/* Begin XCBuildConfiguration section */
		C31711D62B98ECA700F82D24 /* Debug */ = {
			isa = XCBuildConfiguration;
			buildSettings = {
				ALWAYS_SEARCH_USER_PATHS = NO;
				ASSETCATALOG_COMPILER_GENERATE_SWIFT_ASSET_SYMBOL_EXTENSIONS = YES;
				CLANG_ANALYZER_NONNULL = YES;
				CLANG_ANALYZER_NUMBER_OBJECT_CONVERSION = YES_AGGRESSIVE;
				CLANG_CXX_LANGUAGE_STANDARD = "gnu++20";
				CLANG_ENABLE_MODULES = YES;
				CLANG_ENABLE_OBJC_ARC = YES;
				CLANG_ENABLE_OBJC_WEAK = YES;
				CLANG_WARN_BLOCK_CAPTURE_AUTORELEASING = YES;
				CLANG_WARN_BOOL_CONVERSION = YES;
				CLANG_WARN_COMMA = YES;
				CLANG_WARN_CONSTANT_CONVERSION = YES;
				CLANG_WARN_DEPRECATED_OBJC_IMPLEMENTATIONS = YES;
				CLANG_WARN_DIRECT_OBJC_ISA_USAGE = YES_ERROR;
				CLANG_WARN_DOCUMENTATION_COMMENTS = YES;
				CLANG_WARN_EMPTY_BODY = YES;
				CLANG_WARN_ENUM_CONVERSION = YES;
				CLANG_WARN_INFINITE_RECURSION = YES;
				CLANG_WARN_INT_CONVERSION = YES;
				CLANG_WARN_NON_LITERAL_NULL_CONVERSION = YES;
				CLANG_WARN_OBJC_IMPLICIT_RETAIN_SELF = YES;
				CLANG_WARN_OBJC_LITERAL_CONVERSION = YES;
				CLANG_WARN_OBJC_ROOT_CLASS = YES_ERROR;
				CLANG_WARN_QUOTED_INCLUDE_IN_FRAMEWORK_HEADER = YES;
				CLANG_WARN_RANGE_LOOP_ANALYSIS = YES;
				CLANG_WARN_STRICT_PROTOTYPES = YES;
				CLANG_WARN_SUSPICIOUS_MOVE = YES;
				CLANG_WARN_UNGUARDED_AVAILABILITY = YES_AGGRESSIVE;
				CLANG_WARN_UNREACHABLE_CODE = YES;
				CLANG_WARN__DUPLICATE_METHOD_MATCH = YES;
				COPY_PHASE_STRIP = NO;
				DEBUG_INFORMATION_FORMAT = dwarf;
				ENABLE_STRICT_OBJC_MSGSEND = YES;
				ENABLE_TESTABILITY = YES;
				ENABLE_USER_SCRIPT_SANDBOXING = YES;
				GCC_C_LANGUAGE_STANDARD = gnu17;
				GCC_DYNAMIC_NO_PIC = NO;
				GCC_NO_COMMON_BLOCKS = YES;
				GCC_OPTIMIZATION_LEVEL = 0;
				GCC_PREPROCESSOR_DEFINITIONS = (
					"DEBUG=1",
					"$(inherited)",
				);
				GCC_WARN_64_TO_32_BIT_CONVERSION = YES;
				GCC_WARN_ABOUT_RETURN_TYPE = YES_ERROR;
				GCC_WARN_UNDECLARED_SELECTOR = YES;
				GCC_WARN_UNINITIALIZED_AUTOS = YES_AGGRESSIVE;
				GCC_WARN_UNUSED_FUNCTION = YES;
				GCC_WARN_UNUSED_VARIABLE = YES;
				IPHONEOS_DEPLOYMENT_TARGET = 17.2;
				LOCALIZATION_PREFERS_STRING_CATALOGS = YES;
				MTL_ENABLE_DEBUG_INFO = INCLUDE_SOURCE;
				MTL_FAST_MATH = YES;
				ONLY_ACTIVE_ARCH = YES;
				SDKROOT = iphoneos;
				SWIFT_ACTIVE_COMPILATION_CONDITIONS = "DEBUG $(inherited)";
				SWIFT_OPTIMIZATION_LEVEL = "-Onone";
			};
			name = Debug;
		};
		C31711D72B98ECA700F82D24 /* Release */ = {
			isa = XCBuildConfiguration;
			buildSettings = {
				ALWAYS_SEARCH_USER_PATHS = NO;
				ASSETCATALOG_COMPILER_GENERATE_SWIFT_ASSET_SYMBOL_EXTENSIONS = YES;
				CLANG_ANALYZER_NONNULL = YES;
				CLANG_ANALYZER_NUMBER_OBJECT_CONVERSION = YES_AGGRESSIVE;
				CLANG_CXX_LANGUAGE_STANDARD = "gnu++20";
				CLANG_ENABLE_MODULES = YES;
				CLANG_ENABLE_OBJC_ARC = YES;
				CLANG_ENABLE_OBJC_WEAK = YES;
				CLANG_WARN_BLOCK_CAPTURE_AUTORELEASING = YES;
				CLANG_WARN_BOOL_CONVERSION = YES;
				CLANG_WARN_COMMA = YES;
				CLANG_WARN_CONSTANT_CONVERSION = YES;
				CLANG_WARN_DEPRECATED_OBJC_IMPLEMENTATIONS = YES;
				CLANG_WARN_DIRECT_OBJC_ISA_USAGE = YES_ERROR;
				CLANG_WARN_DOCUMENTATION_COMMENTS = YES;
				CLANG_WARN_EMPTY_BODY = YES;
				CLANG_WARN_ENUM_CONVERSION = YES;
				CLANG_WARN_INFINITE_RECURSION = YES;
				CLANG_WARN_INT_CONVERSION = YES;
				CLANG_WARN_NON_LITERAL_NULL_CONVERSION = YES;
				CLANG_WARN_OBJC_IMPLICIT_RETAIN_SELF = YES;
				CLANG_WARN_OBJC_LITERAL_CONVERSION = YES;
				CLANG_WARN_OBJC_ROOT_CLASS = YES_ERROR;
				CLANG_WARN_QUOTED_INCLUDE_IN_FRAMEWORK_HEADER = YES;
				CLANG_WARN_RANGE_LOOP_ANALYSIS = YES;
				CLANG_WARN_STRICT_PROTOTYPES = YES;
				CLANG_WARN_SUSPICIOUS_MOVE = YES;
				CLANG_WARN_UNGUARDED_AVAILABILITY = YES_AGGRESSIVE;
				CLANG_WARN_UNREACHABLE_CODE = YES;
				CLANG_WARN__DUPLICATE_METHOD_MATCH = YES;
				COPY_PHASE_STRIP = NO;
				DEBUG_INFORMATION_FORMAT = "dwarf-with-dsym";
				ENABLE_NS_ASSERTIONS = NO;
				ENABLE_STRICT_OBJC_MSGSEND = YES;
				ENABLE_USER_SCRIPT_SANDBOXING = YES;
				GCC_C_LANGUAGE_STANDARD = gnu17;
				GCC_NO_COMMON_BLOCKS = YES;
				GCC_WARN_64_TO_32_BIT_CONVERSION = YES;
				GCC_WARN_ABOUT_RETURN_TYPE = YES_ERROR;
				GCC_WARN_UNDECLARED_SELECTOR = YES;
				GCC_WARN_UNINITIALIZED_AUTOS = YES_AGGRESSIVE;
				GCC_WARN_UNUSED_FUNCTION = YES;
				GCC_WARN_UNUSED_VARIABLE = YES;
				IPHONEOS_DEPLOYMENT_TARGET = 17.2;
				LOCALIZATION_PREFERS_STRING_CATALOGS = YES;
				MTL_ENABLE_DEBUG_INFO = NO;
				MTL_FAST_MATH = YES;
				SDKROOT = iphoneos;
				SWIFT_COMPILATION_MODE = wholemodule;
				VALIDATE_PRODUCT = YES;
			};
			name = Release;
		};
		C31711D92B98ECA700F82D24 /* Debug */ = {
			isa = XCBuildConfiguration;
			buildSettings = {
				ASSETCATALOG_COMPILER_APPICON_NAME = AppIcon;
				ASSETCATALOG_COMPILER_GLOBAL_ACCENT_COLOR_NAME = AccentColor;
				CODE_SIGN_STYLE = Automatic;
				CURRENT_PROJECT_VERSION = 1;
				DEVELOPMENT_ASSET_PATHS = "\"MusicByLocation/Preview Content\"";
				DEVELOPMENT_TEAM = DJURY3Y3F3;
				ENABLE_PREVIEWS = YES;
				GENERATE_INFOPLIST_FILE = YES;
				INFOPLIST_KEY_NSLocationWhenInUseUsageDescription = "Music By Location needs your location to find your favourite tunes";
				INFOPLIST_KEY_UIApplicationSceneManifest_Generation = YES;
				INFOPLIST_KEY_UIApplicationSupportsIndirectInputEvents = YES;
				INFOPLIST_KEY_UILaunchScreen_Generation = YES;
				INFOPLIST_KEY_UISupportedInterfaceOrientations_iPad = "UIInterfaceOrientationPortrait UIInterfaceOrientationPortraitUpsideDown UIInterfaceOrientationLandscapeLeft UIInterfaceOrientationLandscapeRight";
				INFOPLIST_KEY_UISupportedInterfaceOrientations_iPhone = "UIInterfaceOrientationPortrait UIInterfaceOrientationLandscapeLeft UIInterfaceOrientationLandscapeRight";
				LD_RUNPATH_SEARCH_PATHS = (
					"$(inherited)",
					"@executable_path/Frameworks",
				);
				MARKETING_VERSION = 1.0;
				PRODUCT_BUNDLE_IDENTIFIER = com.TomasLopezValcarcel.MusicByLocation;
				PRODUCT_NAME = "$(TARGET_NAME)";
				SWIFT_EMIT_LOC_STRINGS = YES;
				SWIFT_VERSION = 5.0;
				TARGETED_DEVICE_FAMILY = "1,2";
			};
			name = Debug;
		};
		C31711DA2B98ECA700F82D24 /* Release */ = {
			isa = XCBuildConfiguration;
			buildSettings = {
				ASSETCATALOG_COMPILER_APPICON_NAME = AppIcon;
				ASSETCATALOG_COMPILER_GLOBAL_ACCENT_COLOR_NAME = AccentColor;
				CODE_SIGN_STYLE = Automatic;
				CURRENT_PROJECT_VERSION = 1;
				DEVELOPMENT_ASSET_PATHS = "\"MusicByLocation/Preview Content\"";
				DEVELOPMENT_TEAM = DJURY3Y3F3;
				ENABLE_PREVIEWS = YES;
				GENERATE_INFOPLIST_FILE = YES;
				INFOPLIST_KEY_NSLocationWhenInUseUsageDescription = "Music By Location needs your location to find your favourite tunes";
				INFOPLIST_KEY_UIApplicationSceneManifest_Generation = YES;
				INFOPLIST_KEY_UIApplicationSupportsIndirectInputEvents = YES;
				INFOPLIST_KEY_UILaunchScreen_Generation = YES;
				INFOPLIST_KEY_UISupportedInterfaceOrientations_iPad = "UIInterfaceOrientationPortrait UIInterfaceOrientationPortraitUpsideDown UIInterfaceOrientationLandscapeLeft UIInterfaceOrientationLandscapeRight";
				INFOPLIST_KEY_UISupportedInterfaceOrientations_iPhone = "UIInterfaceOrientationPortrait UIInterfaceOrientationLandscapeLeft UIInterfaceOrientationLandscapeRight";
				LD_RUNPATH_SEARCH_PATHS = (
					"$(inherited)",
					"@executable_path/Frameworks",
				);
				MARKETING_VERSION = 1.0;
				PRODUCT_BUNDLE_IDENTIFIER = com.TomasLopezValcarcel.MusicByLocation;
				PRODUCT_NAME = "$(TARGET_NAME)";
				SWIFT_EMIT_LOC_STRINGS = YES;
				SWIFT_VERSION = 5.0;
				TARGETED_DEVICE_FAMILY = "1,2";
			};
			name = Release;
		};
		C31711DC2B98ECA700F82D24 /* Debug */ = {
			isa = XCBuildConfiguration;
			buildSettings = {
				ALWAYS_EMBED_SWIFT_STANDARD_LIBRARIES = YES;
				BUNDLE_LOADER = "$(TEST_HOST)";
				CODE_SIGN_STYLE = Automatic;
				CURRENT_PROJECT_VERSION = 1;
				DEVELOPMENT_TEAM = DJURY3Y3F3;
				GENERATE_INFOPLIST_FILE = YES;
				IPHONEOS_DEPLOYMENT_TARGET = 17.2;
				MARKETING_VERSION = 1.0;
				PRODUCT_BUNDLE_IDENTIFIER = com.TomasLopezValcarcel.MusicByLocationTests;
				PRODUCT_NAME = "$(TARGET_NAME)";
				SWIFT_EMIT_LOC_STRINGS = NO;
				SWIFT_VERSION = 5.0;
				TARGETED_DEVICE_FAMILY = "1,2";
				TEST_HOST = "$(BUILT_PRODUCTS_DIR)/MusicByLocation.app/$(BUNDLE_EXECUTABLE_FOLDER_PATH)/MusicByLocation";
			};
			name = Debug;
		};
		C31711DD2B98ECA700F82D24 /* Release */ = {
			isa = XCBuildConfiguration;
			buildSettings = {
				ALWAYS_EMBED_SWIFT_STANDARD_LIBRARIES = YES;
				BUNDLE_LOADER = "$(TEST_HOST)";
				CODE_SIGN_STYLE = Automatic;
				CURRENT_PROJECT_VERSION = 1;
				DEVELOPMENT_TEAM = DJURY3Y3F3;
				GENERATE_INFOPLIST_FILE = YES;
				IPHONEOS_DEPLOYMENT_TARGET = 17.2;
				MARKETING_VERSION = 1.0;
				PRODUCT_BUNDLE_IDENTIFIER = com.TomasLopezValcarcel.MusicByLocationTests;
				PRODUCT_NAME = "$(TARGET_NAME)";
				SWIFT_EMIT_LOC_STRINGS = NO;
				SWIFT_VERSION = 5.0;
				TARGETED_DEVICE_FAMILY = "1,2";
				TEST_HOST = "$(BUILT_PRODUCTS_DIR)/MusicByLocation.app/$(BUNDLE_EXECUTABLE_FOLDER_PATH)/MusicByLocation";
			};
			name = Release;
		};
		C31711DF2B98ECA700F82D24 /* Debug */ = {
			isa = XCBuildConfiguration;
			buildSettings = {
				ALWAYS_EMBED_SWIFT_STANDARD_LIBRARIES = YES;
				CODE_SIGN_STYLE = Automatic;
				CURRENT_PROJECT_VERSION = 1;
				DEVELOPMENT_TEAM = DJURY3Y3F3;
				GENERATE_INFOPLIST_FILE = YES;
				MARKETING_VERSION = 1.0;
				PRODUCT_BUNDLE_IDENTIFIER = com.TomasLopezValcarcel.MusicByLocationUITests;
				PRODUCT_NAME = "$(TARGET_NAME)";
				SWIFT_EMIT_LOC_STRINGS = NO;
				SWIFT_VERSION = 5.0;
				TARGETED_DEVICE_FAMILY = "1,2";
				TEST_TARGET_NAME = MusicByLocation;
			};
			name = Debug;
		};
		C31711E02B98ECA700F82D24 /* Release */ = {
			isa = XCBuildConfiguration;
			buildSettings = {
				ALWAYS_EMBED_SWIFT_STANDARD_LIBRARIES = YES;
				CODE_SIGN_STYLE = Automatic;
				CURRENT_PROJECT_VERSION = 1;
				DEVELOPMENT_TEAM = DJURY3Y3F3;
				GENERATE_INFOPLIST_FILE = YES;
				MARKETING_VERSION = 1.0;
				PRODUCT_BUNDLE_IDENTIFIER = com.TomasLopezValcarcel.MusicByLocationUITests;
				PRODUCT_NAME = "$(TARGET_NAME)";
				SWIFT_EMIT_LOC_STRINGS = NO;
				SWIFT_VERSION = 5.0;
				TARGETED_DEVICE_FAMILY = "1,2";
				TEST_TARGET_NAME = MusicByLocation;
			};
			name = Release;
		};
/* End XCBuildConfiguration section */

/* Begin XCConfigurationList section */
		C31711AF2B98ECA300F82D24 /* Build configuration list for PBXProject "MusicByLocation" */ = {
			isa = XCConfigurationList;
			buildConfigurations = (
				C31711D62B98ECA700F82D24 /* Debug */,
				C31711D72B98ECA700F82D24 /* Release */,
			);
			defaultConfigurationIsVisible = 0;
			defaultConfigurationName = Release;
		};
		C31711D82B98ECA700F82D24 /* Build configuration list for PBXNativeTarget "MusicByLocation" */ = {
			isa = XCConfigurationList;
			buildConfigurations = (
				C31711D92B98ECA700F82D24 /* Debug */,
				C31711DA2B98ECA700F82D24 /* Release */,
			);
			defaultConfigurationIsVisible = 0;
			defaultConfigurationName = Release;
		};
		C31711DB2B98ECA700F82D24 /* Build configuration list for PBXNativeTarget "MusicByLocationTests" */ = {
			isa = XCConfigurationList;
			buildConfigurations = (
				C31711DC2B98ECA700F82D24 /* Debug */,
				C31711DD2B98ECA700F82D24 /* Release */,
			);
			defaultConfigurationIsVisible = 0;
			defaultConfigurationName = Release;
		};
		C31711DE2B98ECA700F82D24 /* Build configuration list for PBXNativeTarget "MusicByLocationUITests" */ = {
			isa = XCConfigurationList;
			buildConfigurations = (
				C31711DF2B98ECA700F82D24 /* Debug */,
				C31711E02B98ECA700F82D24 /* Release */,
			);
			defaultConfigurationIsVisible = 0;
			defaultConfigurationName = Release;
		};
/* End XCConfigurationList section */
	};
	rootObject = C31711AC2B98ECA300F82D24 /* Project object */;
}
